
Microsoft Visual Studio Solution File, Format Version 12.00
# Visual Studio Version 17
VisualStudioVersion = 17.13.35931.197 d17.13
MinimumVisualStudioVersion = 10.0.40219.1
Project("{FAE04EC0-301F-11D3-BF4B-00C04F79EFBC}") = "ContosoUniversity", "ContosoUniversity\ContosoUniversity.csproj", "{B4FDB196-DDFE-4D64-89E1-C0C001B75AC5}"
EndProject
Global
	GlobalSection(SolutionConfigurationPlatforms) = preSolution
		Debug|Any CPU = Debug|Any CPU
		Release|Any CPU = Release|Any CPU
	EndGlobalSection
	GlobalSection(ProjectConfigurationPlatforms) = postSolution
		{B4FDB196-DDFE-4D64-89E1-C0C001B75AC5}.Debug|Any CPU.ActiveCfg = Debug|Any CPU
		{B4FDB196-DDFE-4D64-89E1-C0C001B75AC5}.Debug|Any CPU.Build.0 = Debug|Any CPU
		{B4FDB196-DDFE-4D64-89E1-C0C001B75AC5}.Release|Any CPU.ActiveCfg = Release|Any CPU
		{B4FDB196-DDFE-4D64-89E1-C0C001B75AC5}.Release|Any CPU.Build.0 = Release|Any CPU
	EndGlobalSection
	GlobalSection(SolutionProperties) = preSolution
		HideSolutionNode = FALSE
	EndGlobalSection
	GlobalSection(ExtensibilityGlobals) = postSolution
		SolutionGuid = {D184BB0D-EF78-4D75-A3A7-7BB547DA61B2}
	EndGlobalSection
EndGlobal
